
Microsoft Visual Studio Solution File, Format Version 12.00
# Visual Studio Version 16
VisualStudioVersion = 16.0.31624.102
MinimumVisualStudioVersion = 10.0.40219.1
Project("{8BC9CEB8-8B4A-11D0-8D11-00A0C91BC942}") = "Binary_operations", "Binary_operations\Binary_operations.vcxproj", "{A61F50DC-7235-4127-BB62-CBB7FACD175F}"
EndProject
Project("{8BC9CEB8-8B4A-11D0-8D11-00A0C91BC942}") = "Hashing", "Hashing\Hashing.vcxproj", "{D170E333-A7F5-4E05-97F3-21EA77738CDF}"
EndProject
Project("{8BC9CEB8-8B4A-11D0-8D11-00A0C91BC942}") = "Searching", "Searching\Searching.vcxproj", "{AC099469-B296-42FA-B472-F3380FABD15E}"
EndProject
Project("{8BC9CEB8-8B4A-11D0-8D11-00A0C91BC942}") = "binaryTree", "binaryTree\binaryTree.vcxproj", "{4ABAE237-241A-4E8C-9A6F-D5D315B78749}"
EndProject
Project("{8BC9CEB8-8B4A-11D0-8D11-00A0C91BC942}") = "Graph", "Graph\Graph.vcxproj", "{EF5EBA65-2A54-492F-A562-804383947524}"
EndProject
Project("{8BC9CEB8-8B4A-11D0-8D11-00A0C91BC942}") = "compression", "compression\compression.vcxproj", "{E4B7C1B1-4FF9-480D-956F-315B3D97CB9A}"
EndProject
Project("{8BC9CEB8-8B4A-11D0-8D11-00A0C91BC942}") = "strategy", "strategy\strategy.vcxproj", "{26904431-D6AD-4703-B245-16FD43A4D1C5}"
EndProject
Project("{8BC9CEB8-8B4A-11D0-8D11-00A0C91BC942}") = "haffman", "haffman\haffman.vcxproj", "{4BB93063-7060-4943-9E81-B491502206C8}"
EndProject
Global
	GlobalSection(SolutionConfigurationPlatforms) = preSolution
		Debug|x64 = Debug|x64
		Debug|x86 = Debug|x86
		Release|x64 = Release|x64
		Release|x86 = Release|x86
	EndGlobalSection
	GlobalSection(ProjectConfigurationPlatforms) = postSolution
		{A61F50DC-7235-4127-BB62-CBB7FACD175F}.Debug|x64.ActiveCfg = Debug|x64
		{A61F50DC-7235-4127-BB62-CBB7FACD175F}.Debug|x64.Build.0 = Debug|x64
		{A61F50DC-7235-4127-BB62-CBB7FACD175F}.Debug|x86.ActiveCfg = Debug|Win32
		{A61F50DC-7235-4127-BB62-CBB7FACD175F}.Debug|x86.Build.0 = Debug|Win32
		{A61F50DC-7235-4127-BB62-CBB7FACD175F}.Release|x64.ActiveCfg = Release|x64
		{A61F50DC-7235-4127-BB62-CBB7FACD175F}.Release|x64.Build.0 = Release|x64
		{A61F50DC-7235-4127-BB62-CBB7FACD175F}.Release|x86.ActiveCfg = Release|Win32
		{A61F50DC-7235-4127-BB62-CBB7FACD175F}.Release|x86.Build.0 = Release|Win32
		{D170E333-A7F5-4E05-97F3-21EA77738CDF}.Debug|x64.ActiveCfg = Debug|x64
		{D170E333-A7F5-4E05-97F3-21EA77738CDF}.Debug|x64.Build.0 = Debug|x64
		{D170E333-A7F5-4E05-97F3-21EA77738CDF}.Debug|x86.ActiveCfg = Debug|Win32
		{D170E333-A7F5-4E05-97F3-21EA77738CDF}.Debug|x86.Build.0 = Debug|Win32
		{D170E333-A7F5-4E05-97F3-21EA77738CDF}.Release|x64.ActiveCfg = Release|x64
		{D170E333-A7F5-4E05-97F3-21EA77738CDF}.Release|x64.Build.0 = Release|x64
		{D170E333-A7F5-4E05-97F3-21EA77738CDF}.Release|x86.ActiveCfg = Release|Win32
		{D170E333-A7F5-4E05-97F3-21EA77738CDF}.Release|x86.Build.0 = Release|Win32
		{AC099469-B296-42FA-B472-F3380FABD15E}.Debug|x64.ActiveCfg = Debug|x64
		{AC099469-B296-42FA-B472-F3380FABD15E}.Debug|x64.Build.0 = Debug|x64
		{AC099469-B296-42FA-B472-F3380FABD15E}.Debug|x86.ActiveCfg = Debug|Win32
		{AC099469-B296-42FA-B472-F3380FABD15E}.Debug|x86.Build.0 = Debug|Win32
		{AC099469-B296-42FA-B472-F3380FABD15E}.Release|x64.ActiveCfg = Release|x64
		{AC099469-B296-42FA-B472-F3380FABD15E}.Release|x64.Build.0 = Release|x64
		{AC099469-B296-42FA-B472-F3380FABD15E}.Release|x86.ActiveCfg = Release|Win32
		{AC099469-B296-42FA-B472-F3380FABD15E}.Release|x86.Build.0 = Release|Win32
		{4ABAE237-241A-4E8C-9A6F-D5D315B78749}.Debug|x64.ActiveCfg = Debug|x64
		{4ABAE237-241A-4E8C-9A6F-D5D315B78749}.Debug|x64.Build.0 = Debug|x64
		{4ABAE237-241A-4E8C-9A6F-D5D315B78749}.Debug|x86.ActiveCfg = Debug|Win32
		{4ABAE237-241A-4E8C-9A6F-D5D315B78749}.Debug|x86.Build.0 = Debug|Win32
		{4ABAE237-241A-4E8C-9A6F-D5D315B78749}.Release|x64.ActiveCfg = Release|x64
		{4ABAE237-241A-4E8C-9A6F-D5D315B78749}.Release|x64.Build.0 = Release|x64
		{4ABAE237-241A-4E8C-9A6F-D5D315B78749}.Release|x86.ActiveCfg = Release|Win32
		{4ABAE237-241A-4E8C-9A6F-D5D315B78749}.Release|x86.Build.0 = Release|Win32
		{EF5EBA65-2A54-492F-A562-804383947524}.Debug|x64.ActiveCfg = Debug|x64
		{EF5EBA65-2A54-492F-A562-804383947524}.Debug|x64.Build.0 = Debug|x64
		{EF5EBA65-2A54-492F-A562-804383947524}.Debug|x86.ActiveCfg = Debug|Win32
		{EF5EBA65-2A54-492F-A562-804383947524}.Debug|x86.Build.0 = Debug|Win32
		{EF5EBA65-2A54-492F-A562-804383947524}.Release|x64.ActiveCfg = Release|x64
		{EF5EBA65-2A54-492F-A562-804383947524}.Release|x64.Build.0 = Release|x64
		{EF5EBA65-2A54-492F-A562-804383947524}.Release|x86.ActiveCfg = Release|Win32
		{EF5EBA65-2A54-492F-A562-804383947524}.Release|x86.Build.0 = Release|Win32
		{E4B7C1B1-4FF9-480D-956F-315B3D97CB9A}.Debug|x64.ActiveCfg = Debug|x64
		{E4B7C1B1-4FF9-480D-956F-315B3D97CB9A}.Debug|x64.Build.0 = Debug|x64
		{E4B7C1B1-4FF9-480D-956F-315B3D97CB9A}.Debug|x86.ActiveCfg = Debug|Win32
		{E4B7C1B1-4FF9-480D-956F-315B3D97CB9A}.Debug|x86.Build.0 = Debug|Win32
		{E4B7C1B1-4FF9-480D-956F-315B3D97CB9A}.Release|x64.ActiveCfg = Release|x64
		{E4B7C1B1-4FF9-480D-956F-315B3D97CB9A}.Release|x64.Build.0 = Release|x64
		{E4B7C1B1-4FF9-480D-956F-315B3D97CB9A}.Release|x86.ActiveCfg = Release|Win32
		{E4B7C1B1-4FF9-480D-956F-315B3D97CB9A}.Release|x86.Build.0 = Release|Win32
		{26904431-D6AD-4703-B245-16FD43A4D1C5}.Debug|x64.ActiveCfg = Debug|x64
		{26904431-D6AD-4703-B245-16FD43A4D1C5}.Debug|x64.Build.0 = Debug|x64
		{26904431-D6AD-4703-B245-16FD43A4D1C5}.Debug|x86.ActiveCfg = Debug|Win32
		{26904431-D6AD-4703-B245-16FD43A4D1C5}.Debug|x86.Build.0 = Debug|Win32
		{26904431-D6AD-4703-B245-16FD43A4D1C5}.Release|x64.ActiveCfg = Release|x64
		{26904431-D6AD-4703-B245-16FD43A4D1C5}.Release|x64.Build.0 = Release|x64
		{26904431-D6AD-4703-B245-16FD43A4D1C5}.Release|x86.ActiveCfg = Release|Win32
		{26904431-D6AD-4703-B245-16FD43A4D1C5}.Release|x86.Build.0 = Release|Win32
		{4BB93063-7060-4943-9E81-B491502206C8}.Debug|x64.ActiveCfg = Debug|x64
		{4BB93063-7060-4943-9E81-B491502206C8}.Debug|x64.Build.0 = Debug|x64
		{4BB93063-7060-4943-9E81-B491502206C8}.Debug|x86.ActiveCfg = Debug|Win32
		{4BB93063-7060-4943-9E81-B491502206C8}.Debug|x86.Build.0 = Debug|Win32
		{4BB93063-7060-4943-9E81-B491502206C8}.Release|x64.ActiveCfg = Release|x64
		{4BB93063-7060-4943-9E81-B491502206C8}.Release|x64.Build.0 = Release|x64
		{4BB93063-7060-4943-9E81-B491502206C8}.Release|x86.ActiveCfg = Release|Win32
		{4BB93063-7060-4943-9E81-B491502206C8}.Release|x86.Build.0 = Release|Win32
	EndGlobalSection
	GlobalSection(SolutionProperties) = preSolution
		HideSolutionNode = FALSE
	EndGlobalSection
	GlobalSection(ExtensibilityGlobals) = postSolution
		SolutionGuid = {1D41E4B7-9B6B-4B40-A664-8CE8B36D50A0}
	EndGlobalSection
EndGlobal
